
Microsoft Visual Studio Solution File, Format Version 12.00
# Visual Studio Version 17
VisualStudioVersion = 17.10.34916.146
MinimumVisualStudioVersion = 10.0.40219.1
Project("{FAE04EC0-301F-11D3-BF4B-00C04F79EFBC}") = "Flyjaatra", "Flyjaatra.csproj", "{9AC20D0C-88C2-439A-BCFB-EF9CE596D0A8}"
EndProject
Global
	GlobalSection(SolutionConfigurationPlatforms) = preSolution
		Debug|Any CPU = Debug|Any CPU
		Release|Any CPU = Release|Any CPU
	EndGlobalSection
	GlobalSection(ProjectConfigurationPlatforms) = postSolution
		{9AC20D0C-88C2-439A-BCFB-EF9CE596D0A8}.Debug|Any CPU.ActiveCfg = Debug|Any CPU
		{9AC20D0C-88C2-439A-BCFB-EF9CE596D0A8}.Debug|Any CPU.Build.0 = Debug|Any CPU
		{9AC20D0C-88C2-439A-BCFB-EF9CE596D0A8}.Release|Any CPU.ActiveCfg = Release|Any CPU
		{9AC20D0C-88C2-439A-BCFB-EF9CE596D0A8}.Release|Any CPU.Build.0 = Release|Any CPU
	EndGlobalSection
	GlobalSection(SolutionProperties) = preSolution
		HideSolutionNode = FALSE
	EndGlobalSection
	GlobalSection(ExtensibilityGlobals) = postSolution
		SolutionGuid = {D8CA7764-CD83-4AB3-83F5-FB4847328DAE}
	EndGlobalSection
EndGlobal
